
Microsoft Visual Studio Solution File, Format Version 12.00
# Visual Studio Version 16
VisualStudioVersion = 16.0.29418.71
MinimumVisualStudioVersion = 10.0.40219.1
Project("{9A19103F-16F7-4668-BE54-9A1E7A4F7556}") = "R6TabApiWrapper", "R6TabApiWrapper\R6TabApiWrapper.csproj", "{C7BCFC90-DAC2-4479-A34B-63E982A0E6EF}"
EndProject
Global
	GlobalSection(SolutionConfigurationPlatforms) = preSolution
		Debug|Any CPU = Debug|Any CPU
		Release|Any CPU = Release|Any CPU
	EndGlobalSection
	GlobalSection(ProjectConfigurationPlatforms) = postSolution
		{C7BCFC90-DAC2-4479-A34B-63E982A0E6EF}.Debug|Any CPU.ActiveCfg = Debug|Any CPU
		{C7BCFC90-DAC2-4479-A34B-63E982A0E6EF}.Debug|Any CPU.Build.0 = Debug|Any CPU
		{C7BCFC90-DAC2-4479-A34B-63E982A0E6EF}.Release|Any CPU.ActiveCfg = Release|Any CPU
		{C7BCFC90-DAC2-4479-A34B-63E982A0E6EF}.Release|Any CPU.Build.0 = Release|Any CPU
	EndGlobalSection
	GlobalSection(SolutionProperties) = preSolution
		HideSolutionNode = FALSE
	EndGlobalSection
	GlobalSection(ExtensibilityGlobals) = postSolution
		SolutionGuid = {EE845E8A-D35E-49CE-80D2-462068C758E2}
	EndGlobalSection
EndGlobal
